
Microsoft Visual Studio Solution File, Format Version 12.00
# Visual Studio Version 17
VisualStudioVersion = 17.7.34018.315
MinimumVisualStudioVersion = 10.0.40219.1
Project("{FAE04EC0-301F-11D3-BF4B-00C04F79EFBC}") = "pryGarcia", "pryGarcia.csproj", "{B7E253B9-9063-4B15-8353-79C34B899124}"
EndProject
Global
	GlobalSection(SolutionConfigurationPlatforms) = preSolution
		Debug|Any CPU = Debug|Any CPU
		Release|Any CPU = Release|Any CPU
	EndGlobalSection
	GlobalSection(ProjectConfigurationPlatforms) = postSolution
		{B7E253B9-9063-4B15-8353-79C34B899124}.Debug|Any CPU.ActiveCfg = Debug|Any CPU
		{B7E253B9-9063-4B15-8353-79C34B899124}.Debug|Any CPU.Build.0 = Debug|Any CPU
		{B7E253B9-9063-4B15-8353-79C34B899124}.Release|Any CPU.ActiveCfg = Release|Any CPU
		{B7E253B9-9063-4B15-8353-79C34B899124}.Release|Any CPU.Build.0 = Release|Any CPU
	EndGlobalSection
	GlobalSection(SolutionProperties) = preSolution
		HideSolutionNode = FALSE
	EndGlobalSection
	GlobalSection(ExtensibilityGlobals) = postSolution
		SolutionGuid = {3564A816-7D93-4BEE-BBA9-8DBDCA43D79C}
	EndGlobalSection
EndGlobal
